Microsoft Visual Studio Solution File, Format Version 12.00
# Visual Studio 15
VisualStudioVersion = 15.0.26820.0
MinimumVisualStudioVersion = 15.0.26124.0
Project("{2150E333-8FDC-42A3-9474-1A3956D46DE8}") = "src", "src", "{CBEA27BE-F352-4C9E-8651-F0D3A1FA75FF}"
EndProject
Project("{9A19103F-16F7-4668-BE54-9A1E7A4F7556}") = "xunit.injection", "src\xunit.injection\xunit.injection.csproj", "{51C2DE5C-C96C-43A8-82BD-0643D376B6BF}"
EndProject
Project("{2150E333-8FDC-42A3-9474-1A3956D46DE8}") = "tests", "tests", "{84E306C0-A07F-4F71-BE2E-A98337FE6290}"
EndProject
Project("{2150E333-8FDC-42A3-9474-1A3956D46DE8}") = "vendor", "vendor", "{75261D1D-4B6C-4293-B97E-C842E4DE15D4}"
EndProject
Project("{2150E333-8FDC-42A3-9474-1A3956D46DE8}") = "xunit", "xunit", "{3FA0612B-B237-4CA5-9936-B10EBC70971D}"
EndProject
Project("{2150E333-8FDC-42A3-9474-1A3956D46DE8}") = "src", "src", "{B1ABB901-3272-4DBE-8915-2CBE69656838}"
EndProject
Project("{9A19103F-16F7-4668-BE54-9A1E7A4F7556}") = "xunit.execution", "vendor\xunit\src\xunit.execution\xunit.execution.csproj", "{3A3B31BF-28EE-4E73-B376-24FBED1DF3A7}"
EndProject
Project("{9A19103F-16F7-4668-BE54-9A1E7A4F7556}") = "xunit.core", "vendor\xunit\src\xunit.core\xunit.core.csproj", "{B41AA9AB-D9D0-4FBA-BD85-7FE2FB76277A}"
EndProject
Project("{9A19103F-16F7-4668-BE54-9A1E7A4F7556}") = "xunit.assert", "vendor\xunit\src\xunit.assert\xunit.assert.csproj", "{C3248AC9-3067-45B2-AECA-BABDC8AE59F2}"
EndProject
Project("{9A19103F-16F7-4668-BE54-9A1E7A4F7556}") = "xunit.runner.visualstudio", "vendor\xunit\src\xunit.runner.visualstudio\xunit.runner.visualstudio.csproj", "{9CD0DC9B-A405-466F-BF14-62CA1D37052C}"
EndProject
Project("{9A19103F-16F7-4668-BE54-9A1E7A4F7556}") = "xunit.runner.reporters", "vendor\xunit\src\xunit.runner.reporters\xunit.runner.reporters.csproj", "{95AE3D49-1442-4540-A424-FE39C7C09792}"
EndProject
Project("{9A19103F-16F7-4668-BE54-9A1E7A4F7556}") = "xunit.runner.utility", "vendor\xunit\src\xunit.runner.utility\xunit.runner.utility.csproj", "{C7AE4FB6-B3D3-48AA-BBAF-519326DFDCEE}"
EndProject
Project("{9A19103F-16F7-4668-BE54-9A1E7A4F7556}") = "xunit.injection.tests", "tests\xunit.injection.tests\xunit.injection.tests.csproj", "{1E6F49A8-522F-4DF8-901F-0E10DF0E48DB}"
EndProject
Project("{9A19103F-16F7-4668-BE54-9A1E7A4F7556}") = "xunit.injection.serviceprovider", "src\xunit.injection.serviceprovider\xunit.injection.serviceprovider.csproj", "{C24B6D37-4910-49CA-A07A-99E9201809F1}"
EndProject
Global
	GlobalSection(SolutionConfigurationPlatforms) = preSolution
		Debug|Any CPU = Debug|Any CPU
		Debug|x64 = Debug|x64
		Debug|x86 = Debug|x86
		Release|Any CPU = Release|Any CPU
		Release|x64 = Release|x64
		Release|x86 = Release|x86
	EndGlobalSection
	GlobalSection(ProjectConfigurationPlatforms) = postSolution
		{51C2DE5C-C96C-43A8-82BD-0643D376B6BF}.Debug|Any CPU.ActiveCfg = Debug|Any CPU
		{51C2DE5C-C96C-43A8-82BD-0643D376B6BF}.Debug|Any CPU.Build.0 = Debug|Any CPU
		{51C2DE5C-C96C-43A8-82BD-0643D376B6BF}.Debug|x64.ActiveCfg = Debug|Any CPU
		{51C2DE5C-C96C-43A8-82BD-0643D376B6BF}.Debug|x64.Build.0 = Debug|Any CPU
		{51C2DE5C-C96C-43A8-82BD-0643D376B6BF}.Debug|x86.ActiveCfg = Debug|Any CPU
		{51C2DE5C-C96C-43A8-82BD-0643D376B6BF}.Debug|x86.Build.0 = Debug|Any CPU
		{51C2DE5C-C96C-43A8-82BD-0643D376B6BF}.Release|Any CPU.ActiveCfg = Release|Any CPU
		{51C2DE5C-C96C-43A8-82BD-0643D376B6BF}.Release|Any CPU.Build.0 = Release|Any CPU
		{51C2DE5C-C96C-43A8-82BD-0643D376B6BF}.Release|x64.ActiveCfg = Release|Any CPU
		{51C2DE5C-C96C-43A8-82BD-0643D376B6BF}.Release|x64.Build.0 = Release|Any CPU
		{51C2DE5C-C96C-43A8-82BD-0643D376B6BF}.Release|x86.ActiveCfg = Release|Any CPU
		{51C2DE5C-C96C-43A8-82BD-0643D376B6BF}.Release|x86.Build.0 = Release|Any CPU
		{3A3B31BF-28EE-4E73-B376-24FBED1DF3A7}.Debug|Any CPU.ActiveCfg = Debug|Any CPU
		{3A3B31BF-28EE-4E73-B376-24FBED1DF3A7}.Debug|Any CPU.Build.0 = Debug|Any CPU
		{3A3B31BF-28EE-4E73-B376-24FBED1DF3A7}.Debug|x64.ActiveCfg = Debug|Any CPU
		{3A3B31BF-28EE-4E73-B376-24FBED1DF3A7}.Debug|x64.Build.0 = Debug|Any CPU
		{3A3B31BF-28EE-4E73-B376-24FBED1DF3A7}.Debug|x86.ActiveCfg = Debug|Any CPU
		{3A3B31BF-28EE-4E73-B376-24FBED1DF3A7}.Debug|x86.Build.0 = Debug|Any CPU
		{3A3B31BF-28EE-4E73-B376-24FBED1DF3A7}.Release|Any CPU.ActiveCfg = Release|Any CPU
		{3A3B31BF-28EE-4E73-B376-24FBED1DF3A7}.Release|Any CPU.Build.0 = Release|Any CPU
		{3A3B31BF-28EE-4E73-B376-24FBED1DF3A7}.Release|x64.ActiveCfg = Release|Any CPU
		{3A3B31BF-28EE-4E73-B376-24FBED1DF3A7}.Release|x64.Build.0 = Release|Any CPU
		{3A3B31BF-28EE-4E73-B376-24FBED1DF3A7}.Release|x86.ActiveCfg = Release|Any CPU
		{3A3B31BF-28EE-4E73-B376-24FBED1DF3A7}.Release|x86.Build.0 = Release|Any CPU
		{B41AA9AB-D9D0-4FBA-BD85-7FE2FB76277A}.Debug|Any CPU.ActiveCfg = Debug|Any CPU
		{B41AA9AB-D9D0-4FBA-BD85-7FE2FB76277A}.Debug|Any CPU.Build.0 = Debug|Any CPU
		{B41AA9AB-D9D0-4FBA-BD85-7FE2FB76277A}.Debug|x64.ActiveCfg = Debug|Any CPU
		{B41AA9AB-D9D0-4FBA-BD85-7FE2FB76277A}.Debug|x64.Build.0 = Debug|Any CPU
		{B41AA9AB-D9D0-4FBA-BD85-7FE2FB76277A}.Debug|x86.ActiveCfg = Debug|Any CPU
		{B41AA9AB-D9D0-4FBA-BD85-7FE2FB76277A}.Debug|x86.Build.0 = Debug|Any CPU
		{B41AA9AB-D9D0-4FBA-BD85-7FE2FB76277A}.Release|Any CPU.ActiveCfg = Release|Any CPU
		{B41AA9AB-D9D0-4FBA-BD85-7FE2FB76277A}.Release|Any CPU.Build.0 = Release|Any CPU
		{B41AA9AB-D9D0-4FBA-BD85-7FE2FB76277A}.Release|x64.ActiveCfg = Release|Any CPU
		{B41AA9AB-D9D0-4FBA-BD85-7FE2FB76277A}.Release|x64.Build.0 = Release|Any CPU
		{B41AA9AB-D9D0-4FBA-BD85-7FE2FB76277A}.Release|x86.ActiveCfg = Release|Any CPU
		{B41AA9AB-D9D0-4FBA-BD85-7FE2FB76277A}.Release|x86.Build.0 = Release|Any CPU
		{C3248AC9-3067-45B2-AECA-BABDC8AE59F2}.Debug|Any CPU.ActiveCfg = Debug|Any CPU
		{C3248AC9-3067-45B2-AECA-BABDC8AE59F2}.Debug|Any CPU.Build.0 = Debug|Any CPU
		{C3248AC9-3067-45B2-AECA-BABDC8AE59F2}.Debug|x64.ActiveCfg = Debug|Any CPU
		{C3248AC9-3067-45B2-AECA-BABDC8AE59F2}.Debug|x64.Build.0 = Debug|Any CPU
		{C3248AC9-3067-45B2-AECA-BABDC8AE59F2}.Debug|x86.ActiveCfg = Debug|Any CPU
		{C3248AC9-3067-45B2-AECA-BABDC8AE59F2}.Debug|x86.Build.0 = Debug|Any CPU
		{C3248AC9-3067-45B2-AECA-BABDC8AE59F2}.Release|Any CPU.ActiveCfg = Release|Any CPU
		{C3248AC9-3067-45B2-AECA-BABDC8AE59F2}.Release|Any CPU.Build.0 = Release|Any CPU
		{C3248AC9-3067-45B2-AECA-BABDC8AE59F2}.Release|x64.ActiveCfg = Release|Any CPU
		{C3248AC9-3067-45B2-AECA-BABDC8AE59F2}.Release|x64.Build.0 = Release|Any CPU
		{C3248AC9-3067-45B2-AECA-BABDC8AE59F2}.Release|x86.ActiveCfg = Release|Any CPU
		{C3248AC9-3067-45B2-AECA-BABDC8AE59F2}.Release|x86.Build.0 = Release|Any CPU
		{9CD0DC9B-A405-466F-BF14-62CA1D37052C}.Debug|Any CPU.ActiveCfg = Debug|Any CPU
		{9CD0DC9B-A405-466F-BF14-62CA1D37052C}.Debug|Any CPU.Build.0 = Debug|Any CPU
		{9CD0DC9B-A405-466F-BF14-62CA1D37052C}.Debug|x64.ActiveCfg = Debug|Any CPU
		{9CD0DC9B-A405-466F-BF14-62CA1D37052C}.Debug|x64.Build.0 = Debug|Any CPU
		{9CD0DC9B-A405-466F-BF14-62CA1D37052C}.Debug|x86.ActiveCfg = Debug|Any CPU
		{9CD0DC9B-A405-466F-BF14-62CA1D37052C}.Debug|x86.Build.0 = Debug|Any CPU
		{9CD0DC9B-A405-466F-BF14-62CA1D37052C}.Release|Any CPU.ActiveCfg = Release|Any CPU
		{9CD0DC9B-A405-466F-BF14-62CA1D37052C}.Release|Any CPU.Build.0 = Release|Any CPU
		{9CD0DC9B-A405-466F-BF14-62CA1D37052C}.Release|x64.ActiveCfg = Release|Any CPU
		{9CD0DC9B-A405-466F-BF14-62CA1D37052C}.Release|x64.Build.0 = Release|Any CPU
		{9CD0DC9B-A405-466F-BF14-62CA1D37052C}.Release|x86.ActiveCfg = Release|Any CPU
		{9CD0DC9B-A405-466F-BF14-62CA1D37052C}.Release|x86.Build.0 = Release|Any CPU
		{95AE3D49-1442-4540-A424-FE39C7C09792}.Debug|Any CPU.ActiveCfg = Debug|Any CPU
		{95AE3D49-1442-4540-A424-FE39C7C09792}.Debug|Any CPU.Build.0 = Debug|Any CPU
		{95AE3D49-1442-4540-A424-FE39C7C09792}.Debug|x64.ActiveCfg = Debug|Any CPU
		{95AE3D49-1442-4540-A424-FE39C7C09792}.Debug|x64.Build.0 = Debug|Any CPU
		{95AE3D49-1442-4540-A424-FE39C7C09792}.Debug|x86.ActiveCfg = Debug|Any CPU
		{95AE3D49-1442-4540-A424-FE39C7C09792}.Debug|x86.Build.0 = Debug|Any CPU
		{95AE3D49-1442-4540-A424-FE39C7C09792}.Release|Any CPU.ActiveCfg = Release|Any CPU
		{95AE3D49-1442-4540-A424-FE39C7C09792}.Release|Any CPU.Build.0 = Release|Any CPU
		{95AE3D49-1442-4540-A424-FE39C7C09792}.Release|x64.ActiveCfg = Release|Any CPU
		{95AE3D49-1442-4540-A424-FE39C7C09792}.Release|x64.Build.0 = Release|Any CPU
		{95AE3D49-1442-4540-A424-FE39C7C09792}.Release|x86.ActiveCfg = Release|Any CPU
		{95AE3D49-1442-4540-A424-FE39C7C09792}.Release|x86.Build.0 = Release|Any CPU
		{C7AE4FB6-B3D3-48AA-BBAF-519326DFDCEE}.Debug|Any CPU.ActiveCfg = Debug|Any CPU
		{C7AE4FB6-B3D3-48AA-BBAF-519326DFDCEE}.Debug|Any CPU.Build.0 = Debug|Any CPU
		{C7AE4FB6-B3D3-48AA-BBAF-519326DFDCEE}.Debug|x64.ActiveCfg = Debug|Any CPU
		{C7AE4FB6-B3D3-48AA-BBAF-519326DFDCEE}.Debug|x64.Build.0 = Debug|Any CPU
		{C7AE4FB6-B3D3-48AA-BBAF-519326DFDCEE}.Debug|x86.ActiveCfg = Debug|Any CPU
		{C7AE4FB6-B3D3-48AA-BBAF-519326DFDCEE}.Debug|x86.Build.0 = Debug|Any CPU
		{C7AE4FB6-B3D3-48AA-BBAF-519326DFDCEE}.Release|Any CPU.ActiveCfg = Release|Any CPU
		{C7AE4FB6-B3D3-48AA-BBAF-519326DFDCEE}.Release|Any CPU.Build.0 = Release|Any CPU
		{C7AE4FB6-B3D3-48AA-BBAF-519326DFDCEE}.Release|x64.ActiveCfg = Release|Any CPU
		{C7AE4FB6-B3D3-48AA-BBAF-519326DFDCEE}.Release|x64.Build.0 = Release|Any CPU
		{C7AE4FB6-B3D3-48AA-BBAF-519326DFDCEE}.Release|x86.ActiveCfg = Release|Any CPU
		{C7AE4FB6-B3D3-48AA-BBAF-519326DFDCEE}.Release|x86.Build.0 = Release|Any CPU
		{1E6F49A8-522F-4DF8-901F-0E10DF0E48DB}.Debug|Any CPU.ActiveCfg = Debug|Any CPU
		{1E6F49A8-522F-4DF8-901F-0E10DF0E48DB}.Debug|Any CPU.Build.0 = Debug|Any CPU
		{1E6F49A8-522F-4DF8-901F-0E10DF0E48DB}.Debug|x64.ActiveCfg = Debug|Any CPU
		{1E6F49A8-522F-4DF8-901F-0E10DF0E48DB}.Debug|x64.Build.0 = Debug|Any CPU
		{1E6F49A8-522F-4DF8-901F-0E10DF0E48DB}.Debug|x86.ActiveCfg = Debug|Any CPU
		{1E6F49A8-522F-4DF8-901F-0E10DF0E48DB}.Debug|x86.Build.0 = Debug|Any CPU
		{1E6F49A8-522F-4DF8-901F-0E10DF0E48DB}.Release|Any CPU.ActiveCfg = Release|Any CPU
		{1E6F49A8-522F-4DF8-901F-0E10DF0E48DB}.Release|Any CPU.Build.0 = Release|Any CPU
		{1E6F49A8-522F-4DF8-901F-0E10DF0E48DB}.Release|x64.ActiveCfg = Release|Any CPU
		{1E6F49A8-522F-4DF8-901F-0E10DF0E48DB}.Release|x64.Build.0 = Release|Any CPU
		{1E6F49A8-522F-4DF8-901F-0E10DF0E48DB}.Release|x86.ActiveCfg = Release|Any CPU
		{1E6F49A8-522F-4DF8-901F-0E10DF0E48DB}.Release|x86.Build.0 = Release|Any CPU
		{C24B6D37-4910-49CA-A07A-99E9201809F1}.Debug|Any CPU.ActiveCfg = Debug|Any CPU
		{C24B6D37-4910-49CA-A07A-99E9201809F1}.Debug|Any CPU.Build.0 = Debug|Any CPU
		{C24B6D37-4910-49CA-A07A-99E9201809F1}.Debug|x64.ActiveCfg = Debug|Any CPU
		{C24B6D37-4910-49CA-A07A-99E9201809F1}.Debug|x64.Build.0 = Debug|Any CPU
		{C24B6D37-4910-49CA-A07A-99E9201809F1}.Debug|x86.ActiveCfg = Debug|Any CPU
		{C24B6D37-4910-49CA-A07A-99E9201809F1}.Debug|x86.Build.0 = Debug|Any CPU
		{C24B6D37-4910-49CA-A07A-99E9201809F1}.Release|Any CPU.ActiveCfg = Release|Any CPU
		{C24B6D37-4910-49CA-A07A-99E9201809F1}.Release|Any CPU.Build.0 = Release|Any CPU
		{C24B6D37-4910-49CA-A07A-99E9201809F1}.Release|x64.ActiveCfg = Release|Any CPU
		{C24B6D37-4910-49CA-A07A-99E9201809F1}.Release|x64.Build.0 = Release|Any CPU
		{C24B6D37-4910-49CA-A07A-99E9201809F1}.Release|x86.ActiveCfg = Release|Any CPU
		{C24B6D37-4910-49CA-A07A-99E9201809F1}.Release|x86.Build.0 = Release|Any CPU
	EndGlobalSection
	GlobalSection(SolutionProperties) = preSolution
		HideSolutionNode = FALSE
	EndGlobalSection
	GlobalSection(NestedProjects) = preSolution
		{51C2DE5C-C96C-43A8-82BD-0643D376B6BF} = {CBEA27BE-F352-4C9E-8651-F0D3A1FA75FF}
		{3FA0612B-B237-4CA5-9936-B10EBC70971D} = {75261D1D-4B6C-4293-B97E-C842E4DE15D4}
		{B1ABB901-3272-4DBE-8915-2CBE69656838} = {3FA0612B-B237-4CA5-9936-B10EBC70971D}
		{3A3B31BF-28EE-4E73-B376-24FBED1DF3A7} = {B1ABB901-3272-4DBE-8915-2CBE69656838}
		{B41AA9AB-D9D0-4FBA-BD85-7FE2FB76277A} = {B1ABB901-3272-4DBE-8915-2CBE69656838}
		{C3248AC9-3067-45B2-AECA-BABDC8AE59F2} = {B1ABB901-3272-4DBE-8915-2CBE69656838}
		{9CD0DC9B-A405-466F-BF14-62CA1D37052C} = {B1ABB901-3272-4DBE-8915-2CBE69656838}
		{95AE3D49-1442-4540-A424-FE39C7C09792} = {B1ABB901-3272-4DBE-8915-2CBE69656838}
		{C7AE4FB6-B3D3-48AA-BBAF-519326DFDCEE} = {B1ABB901-3272-4DBE-8915-2CBE69656838}
		{1E6F49A8-522F-4DF8-901F-0E10DF0E48DB} = {84E306C0-A07F-4F71-BE2E-A98337FE6290}
		{C24B6D37-4910-49CA-A07A-99E9201809F1} = {CBEA27BE-F352-4C9E-8651-F0D3A1FA75FF}
	EndGlobalSection
	GlobalSection(ExtensibilityGlobals) = postSolution
		SolutionGuid = {4362B9F8-C03A-42E7-8A1B-262E7C26F07B}
	EndGlobalSection
EndGlobal
